{
  "requires": true,
  "lockfileVersion": 1,
  "dependencies": {
    "ngx-tooltip": {
      "version": "0.0.9",
      "resolved": "https://registry.npmjs.org/ngx-tooltip/-/ngx-tooltip-0.0.9.tgz",
      "integrity": "sha512-mjgyHxzV3GlnzHFlqaVXt3rdcfgeSgvi3/sDkAOD78Sj7Mqry+dfHF7HUh22BqcYi4FmJlJiIPQSIw308LnoBg=="
    }
  }
}
